
Microsoft Visual Studio Solution File, Format Version 12.00
# Visual Studio Version 16
VisualStudioVersion = 16.0.31105.61
MinimumVisualStudioVersion = 10.0.40219.1
Project("{FAE04EC0-301F-11D3-BF4B-00C04F79EFBC}") = "SushiLushi", "SushiLushi\SushiLushi.csproj", "{E31CE809-7B7D-491B-A66F-41C83B39FD13}"
EndProject
Global
	GlobalSection(SolutionConfigurationPlatforms) = preSolution
		Debug|Any CPU = Debug|Any CPU
		Release|Any CPU = Release|Any CPU
	EndGlobalSection
	GlobalSection(ProjectConfigurationPlatforms) = postSolution
		{E31CE809-7B7D-491B-A66F-41C83B39FD13}.Debug|Any CPU.ActiveCfg = Debug|Any CPU
		{E31CE809-7B7D-491B-A66F-41C83B39FD13}.Debug|Any CPU.Build.0 = Debug|Any CPU
		{E31CE809-7B7D-491B-A66F-41C83B39FD13}.Release|Any CPU.ActiveCfg = Release|Any CPU
		{E31CE809-7B7D-491B-A66F-41C83B39FD13}.Release|Any CPU.Build.0 = Release|Any CPU
	EndGlobalSection
	GlobalSection(SolutionProperties) = preSolution
		HideSolutionNode = FALSE
	EndGlobalSection
	GlobalSection(ExtensibilityGlobals) = postSolution
		SolutionGuid = {3353BDA6-C715-49C0-86E1-42BAE64602B6}
	EndGlobalSection
EndGlobal
